
Microsoft Visual Studio Solution File, Format Version 12.00
# Visual Studio 14
VisualStudioVersion = 14.0.23107.0
MinimumVisualStudioVersion = 10.0.40219.1
Project("{FAE04EC0-301F-11D3-BF4B-00C04F79EFBC}") = "Chess.Gui", "Chess.Gui\Chess.Gui.csproj", "{FA4CEE33-3623-4739-AE39-10CF79D28CD2}"
EndProject
Project("{FAE04EC0-301F-11D3-BF4B-00C04F79EFBC}") = "Math3D", "Math3D\Math3D.csproj", "{D7352E30-2AFD-47FA-948C-F92695AEBB47}"
EndProject
Global
	GlobalSection(SolutionConfigurationPlatforms) = preSolution
		Debug|Any CPU = Debug|Any CPU
		Release|Any CPU = Release|Any CPU
	EndGlobalSection
	GlobalSection(ProjectConfigurationPlatforms) = postSolution
		{FA4CEE33-3623-4739-AE39-10CF79D28CD2}.Debug|Any CPU.ActiveCfg = Debug|Any CPU
		{FA4CEE33-3623-4739-AE39-10CF79D28CD2}.Debug|Any CPU.Build.0 = Debug|Any CPU
		{FA4CEE33-3623-4739-AE39-10CF79D28CD2}.Release|Any CPU.ActiveCfg = Release|Any CPU
		{FA4CEE33-3623-4739-AE39-10CF79D28CD2}.Release|Any CPU.Build.0 = Release|Any CPU
		{D7352E30-2AFD-47FA-948C-F92695AEBB47}.Debug|Any CPU.ActiveCfg = Debug|Any CPU
		{D7352E30-2AFD-47FA-948C-F92695AEBB47}.Debug|Any CPU.Build.0 = Debug|Any CPU
		{D7352E30-2AFD-47FA-948C-F92695AEBB47}.Release|Any CPU.ActiveCfg = Release|Any CPU
		{D7352E30-2AFD-47FA-948C-F92695AEBB47}.Release|Any CPU.Build.0 = Release|Any CPU
	EndGlobalSection
	GlobalSection(SolutionProperties) = preSolution
		HideSolutionNode = FALSE
	EndGlobalSection
EndGlobal
